
Microsoft Visual Studio Solution File, Format Version 12.00
# Visual Studio Version 17
VisualStudioVersion = 17.5.002.0
MinimumVisualStudioVersion = 10.0.40219.1
Project("{9A19103F-16F7-4668-BE54-9A1E7A4F7556}") = "Queen", "Queen\Queen.csproj", "{6EFC6625-0EAF-49CF-89FE-19C7C09A0EA8}"
EndProject
Project("{9A19103F-16F7-4668-BE54-9A1E7A4F7556}") = "Queen.Tests", "Queen.Tests\Queen.Tests.csproj", "{AA1C67F7-E454-4595-9540-F130E421B5B6}"
EndProject
Global
	GlobalSection(SolutionConfigurationPlatforms) = preSolution
		Debug|Any CPU = Debug|Any CPU
		Release|Any CPU = Release|Any CPU
	EndGlobalSection
	GlobalSection(ProjectConfigurationPlatforms) = postSolution
		{6EFC6625-0EAF-49CF-89FE-19C7C09A0EA8}.Debug|Any CPU.ActiveCfg = Debug|Any CPU
		{6EFC6625-0EAF-49CF-89FE-19C7C09A0EA8}.Debug|Any CPU.Build.0 = Debug|Any CPU
		{6EFC6625-0EAF-49CF-89FE-19C7C09A0EA8}.Release|Any CPU.ActiveCfg = Release|Any CPU
		{6EFC6625-0EAF-49CF-89FE-19C7C09A0EA8}.Release|Any CPU.Build.0 = Release|Any CPU
		{AA1C67F7-E454-4595-9540-F130E421B5B6}.Debug|Any CPU.ActiveCfg = Debug|Any CPU
		{AA1C67F7-E454-4595-9540-F130E421B5B6}.Debug|Any CPU.Build.0 = Debug|Any CPU
		{AA1C67F7-E454-4595-9540-F130E421B5B6}.Release|Any CPU.ActiveCfg = Release|Any CPU
		{AA1C67F7-E454-4595-9540-F130E421B5B6}.Release|Any CPU.Build.0 = Release|Any CPU
	EndGlobalSection
	GlobalSection(SolutionProperties) = preSolution
		HideSolutionNode = FALSE
	EndGlobalSection
	GlobalSection(ExtensibilityGlobals) = postSolution
		SolutionGuid = {71CCA505-B7F6-431D-A93A-3C6CDD91CA46}
	EndGlobalSection
EndGlobal
